{
  "version": 1,
  "dependencies": {
    "net10.0": {
      "Microsoft.AspNetCore.App.Internal.Assets": {
        "type": "Direct",
        "requested": "[10.0.0-rc.2.25502.107, )",
        "resolved": "10.0.0-rc.2.25502.107",
        "contentHash": "/OmSSkaYxV5AWir+nmaZC0SHLheZmTZ5VXJIQGKGsb7dY/TrH+kQWD5KgJnmtGEeH3m5nXc1VdYMye5bv73U2g=="
      },
      "Microsoft.AspNetCore.Components.WebAssembly": {
        "type": "Direct",
        "requested": "[10.0.0-rc.2.25502.107, )",
        "resolved": "10.0.0-rc.2.25502.107",
        "contentHash": "LnQLpwWZnooythZ+w6q+R8jK1pVb2JVyZwHONMRscIXS1luv2Ju48n0KqoBx6hYloq2xKOyrFg591YTzWkMEGg==",
        "dependencies": {
          "Microsoft.AspNetCore.Components.Web": "10.0.0-rc.2.25502.107",
          "Microsoft.Extensions.Configuration.Binder": "10.0.0-rc.2.25502.107",
          "Microsoft.Extensions.Configuration.Json": "10.0.0-rc.2.25502.107",
          "Microsoft.Extensions.Logging": "10.0.0-rc.2.25502.107",
          "Microsoft.JSInterop.WebAssembly": "10.0.0-rc.2.25502.107"
        }
      },
      "Microsoft.AspNetCore.Components.WebAssembly.DevServer": {
        "type": "Direct",
        "requested": "[10.0.0-rc.2.25502.107, )",
        "resolved": "10.0.0-rc.2.25502.107",
        "contentHash": "aFVqz9Q198R4d5DhaIqE3adk7F8LgMMh2O+1m2OIGgXukDk3tC+N3c8VgwYqq3ZZ5wYZiDKl/6J7mHZg17XeDw=="
      },
      "Microsoft.DotNet.HotReload.WebAssembly.Browser": {
        "type": "Direct",
        "requested": "[10.0.100-rc.2.25502.107, )",
        "resolved": "10.0.100-rc.2.25502.107",
        "contentHash": "n/YuKOslYAWU36GUBA03wzF/T+HAWeYUEwWLUHovu2zk0RIe2/ppgnysCdkrDmWjWpeqB5KokaO1kItQBCOD4Q=="
      },
      "Microsoft.NET.ILLink.Tasks": {
        "type": "Direct",
        "requested": "[10.0.0-rc.2.25502.107, )",
        "resolved": "10.0.0-rc.2.25502.107",
        "contentHash": "31DsUbLGwks+cdV++WjVY17hq0Dx21KA/F5MQRhBHSgpxFsdEXIJLIe3+2nzH9ZlDtAYR5qhQV5Abm+CIdvdzw=="
      },
      "Microsoft.NET.Sdk.WebAssembly.Pack": {
        "type": "Direct",
        "requested": "[10.0.0-rc.2.25502.107, )",
        "resolved": "10.0.0-rc.2.25502.107",
        "contentHash": "kmTkLBOFCHTO3HOtV2A5Exo9S+Mw21Jj59/0JjMLErz5B+1g0EjklPBmekNgLK1z4ZpELQBuqDTqYDCIcGv7zw=="
      },
      "Microsoft.AspNetCore.Authorization": {
        "type": "Transitive",
        "resolved": "10.0.0-rc.2.25502.107",
        "contentHash": "nFpJaKD6NwWITg9d2crxVwdl26EMH2Aw5p/w80xG9agwsH145xQJ/Y5Ceuoak6kbRyXMCijD7R8BGIVAvwsjRg==",
        "dependencies": {
          "Microsoft.AspNetCore.Metadata": "10.0.0-rc.2.25502.107",
          "Microsoft.Extensions.Diagnostics": "10.0.0-rc.2.25502.107",
          "Microsoft.Extensions.Logging.Abstractions": "10.0.0-rc.2.25502.107",
          "Microsoft.Extensions.Options": "10.0.0-rc.2.25502.107"
        }
      },
      "Microsoft.AspNetCore.Components": {
        "type": "Transitive",
        "resolved": "10.0.0-rc.2.25502.107",
        "contentHash": "QOBBEqVObm3isb83ky8IkyrAspZQocbPqeHcygmRG+ejbjKNsp4wu/RrHvbGnO8bHAKG5SvHtAyVMHTo3Bkafw==",
        "dependencies": {
          "Microsoft.AspNetCore.Authorization": "10.0.0-rc.2.25502.107",
          "Microsoft.AspNetCore.Components.Analyzers": "10.0.0-rc.2.25502.107"
        }
      },
      "Microsoft.AspNetCore.Components.Analyzers": {
        "type": "Transitive",
        "resolved": "10.0.0-rc.2.25502.107",
        "contentHash": "4iFxpkdHkNjRx0EKAOBCCJGO33o2aSrW+VcLVtCzwrjHJsQucods9NTFsvHoKe7JtOlTm7wqHe4TJIeioj54mg=="
      },
      "Microsoft.AspNetCore.Components.Forms": {
        "type": "Transitive",
        "resolved": "10.0.0-rc.2.25502.107",
        "contentHash": "VQt2d5LsjbMpbyE3I/wASV/8Ii6Iwr5n4mlTsVHGPR4fVktKs5YXDHYULnddaGeHuCoz0Iz/pW0fYETx7/9/Wg==",
        "dependencies": {
          "Microsoft.AspNetCore.Components": "10.0.0-rc.2.25502.107",
          "Microsoft.Extensions.Validation": "10.0.0-rc.2.25502.107"
        }
      },
      "Microsoft.AspNetCore.Components.Web": {
        "type": "Transitive",
        "resolved": "10.0.0-rc.2.25502.107",
        "contentHash": "zIUDMQU0Ao3a+HwTXQwKnX9FmDBRJJfK+pSFA1lijYpPVNLtiW/Rpih5eN1mUyKOy4m8TtZFLTn5nP6Xa5kl6w==",
        "dependencies": {
          "Microsoft.AspNetCore.Components": "10.0.0-rc.2.25502.107",
          "Microsoft.AspNetCore.Components.Forms": "10.0.0-rc.2.25502.107",
          "Microsoft.Extensions.DependencyInjection": "10.0.0-rc.2.25502.107",
          "Microsoft.Extensions.Primitives": "10.0.0-rc.2.25502.107",
          "Microsoft.JSInterop": "10.0.0-rc.2.25502.107"
        }
      },
      "Microsoft.AspNetCore.Metadata": {
        "type": "Transitive",
        "resolved": "10.0.0-rc.2.25502.107",
        "contentHash": "3i+9fAbPE4lQXAjnbOI6lhE5F00b2Ys31sB8JCGAYCKdpC73aP5eFl51XUmpmjPI0CTcoZhQ7pOcH5GzMOK/Cg=="
      },
      "Microsoft.Extensions.Configuration": {
        "type": "Transitive",
        "resolved": "10.0.0-rc.2.25502.107",
        "contentHash": "273Ggibh3DdVrj47ENbUGIirOiqmLTAizpkvOD584Ps6NL/CMXPzesijnJgsjp7Fv/UCp69FKYBaSxZZ3q5R9g==",
        "dependencies": {
          "Microsoft.Extensions.Configuration.Abstractions": "10.0.0-rc.2.25502.107",
          "Microsoft.Extensions.Primitives": "10.0.0-rc.2.25502.107"
        }
      },
      "Microsoft.Extensions.Configuration.Abstractions": {
        "type": "Transitive",
        "resolved": "10.0.0-rc.2.25502.107",
        "contentHash": "H+i/Qy30Rg/K9BcW2Z6DCHPCzwMH3bCwNOjEz31shWTUDK8GeeeMnrKVusprTcRA2Y6yPST+hg2zc3whPEs14Q==",
        "dependencies": {
          "Microsoft.Extensions.Primitives": "10.0.0-rc.2.25502.107"
        }
      },
      "Microsoft.Extensions.Configuration.Binder": {
        "type": "Transitive",
        "resolved": "10.0.0-rc.2.25502.107",
        "contentHash": "aA6/V6lw1Gueyb1PqhHAl/i/qUUuv+Fusfk4oaMOzzOjspBkYtPpNHCmml/0t1x0/DnZoed+u2WwpP+mSwd8Dg==",
        "dependencies": {
          "Microsoft.Extensions.Configuration": "10.0.0-rc.2.25502.107",
          "Microsoft.Extensions.Configuration.Abstractions": "10.0.0-rc.2.25502.107"
        }
      },
      "Microsoft.Extensions.Configuration.FileExtensions": {
        "type": "Transitive",
        "resolved": "10.0.0-rc.2.25502.107",
        "contentHash": "5KrgXSTFR8cFLmDXXoT7GLVvDyHNw0Z9xG4doD78Q/HdlAR4jiMzmLLS9GFXrPGopmC6qqEZr2VBJHEu16INcA==",
        "dependencies": {
          "Microsoft.Extensions.Configuration": "10.0.0-rc.2.25502.107",
          "Microsoft.Extensions.Configuration.Abstractions": "10.0.0-rc.2.25502.107",
          "Microsoft.Extensions.FileProviders.Abstractions": "10.0.0-rc.2.25502.107",
          "Microsoft.Extensions.FileProviders.Physical": "10.0.0-rc.2.25502.107",
          "Microsoft.Extensions.Primitives": "10.0.0-rc.2.25502.107"
        }
      },
      "Microsoft.Extensions.Configuration.Json": {
        "type": "Transitive",
        "resolved": "10.0.0-rc.2.25502.107",
        "contentHash": "USwHuFz4BFKoaqSydHWH/d7Mr+fVsAh9S0S9pdsdHro1IixMbqQ9Gpo2sEZf25e3tZSq/ts6XsVmrQWmxmDhYA==",
        "dependencies": {
          "Microsoft.Extensions.Configuration": "10.0.0-rc.2.25502.107",
          "Microsoft.Extensions.Configuration.Abstractions": "10.0.0-rc.2.25502.107",
          "Microsoft.Extensions.Configuration.FileExtensions": "10.0.0-rc.2.25502.107",
          "Microsoft.Extensions.FileProviders.Abstractions": "10.0.0-rc.2.25502.107"
        }
      },
      "Microsoft.Extensions.DependencyInjection": {
        "type": "Transitive",
        "resolved": "10.0.0-rc.2.25502.107",
        "contentHash": "mDw80K98jBWCyLFCra51PRv+Ttnjse1lZIzXEFybKby0/ajBFTEeHj/4r/QJexmb8Uun0yaFH1HlFtmHP1YEVA==",
        "dependencies": {
          "Microsoft.Extensions.DependencyInjection.Abstractions": "10.0.0-rc.2.25502.107"
        }
      },
      "Microsoft.Extensions.DependencyInjection.Abstractions": {
        "type": "Transitive",
        "resolved": "10.0.0-rc.2.25502.107",
        "contentHash": "8jujunpkNNfTkE9PFHp9/aD6GPKVfNCuz8tUbzOcyU5tQOCoIZId4hwQNVx3Tb8XEWw9BYdh0k5vPpqdCM+UtA=="
      },
      "Microsoft.Extensions.Diagnostics": {
        "type": "Transitive",
        "resolved": "10.0.0-rc.2.25502.107",
        "contentHash": "tQfQFXI+ZQcL2RzDarDLx3Amh0WCp1KPGp1ie3y/CMV5hDhEq98WTmcMoXrFY0GkYLEaCQlVi2A6qVLcooG2Ow==",
        "dependencies": {
          "Microsoft.Extensions.Configuration": "10.0.0-rc.2.25502.107",
          "Microsoft.Extensions.Diagnostics.Abstractions": "10.0.0-rc.2.25502.107",
          "Microsoft.Extensions.Options.ConfigurationExtensions": "10.0.0-rc.2.25502.107"
        }
      },
      "Microsoft.Extensions.Diagnostics.Abstractions": {
        "type": "Transitive",
        "resolved": "10.0.0-rc.2.25502.107",
        "contentHash": "x6XVv3RiwOlN2unjyX/Zat0gI0HiRoDDdjkwBCwsMftYWpbJu4SiyRwDbrv2zAF8v8nbEEvcWi3/pUxZfaqLQw==",
        "dependencies": {
          "Microsoft.Extensions.DependencyInjection.Abstractions": "10.0.0-rc.2.25502.107",
          "Microsoft.Extensions.Options": "10.0.0-rc.2.25502.107"
        }
      },
      "Microsoft.Extensions.FileProviders.Abstractions": {
        "type": "Transitive",
        "resolved": "10.0.0-rc.2.25502.107",
        "contentHash": "dOpmW14MkOZIwV6269iXhoMp6alCHBoxqCR4pJ37GLjFaBIyzsIy+Ra8tsGmjHtFvEHKq0JRDIsb1PUkrK+yxw==",
        "dependencies": {
          "Microsoft.Extensions.Primitives": "10.0.0-rc.2.25502.107"
        }
      },
      "Microsoft.Extensions.FileProviders.Physical": {
        "type": "Transitive",
        "resolved": "10.0.0-rc.2.25502.107",
        "contentHash": "3+RiR6TEakDL0dCUqR7PjFffyrVMLdx/vAVBiN1mGmwScKYCTePIkYVkWsX85CTKh7R9J4M9C1MHzVdjbKcg3g==",
        "dependencies": {
          "Microsoft.Extensions.FileProviders.Abstractions": "10.0.0-rc.2.25502.107",
          "Microsoft.Extensions.FileSystemGlobbing": "10.0.0-rc.2.25502.107",
          "Microsoft.Extensions.Primitives": "10.0.0-rc.2.25502.107"
        }
      },
      "Microsoft.Extensions.FileSystemGlobbing": {
        "type": "Transitive",
        "resolved": "10.0.0-rc.2.25502.107",
        "contentHash": "XtcPOKB7sMFzj8SxaOglZV3eaqZ1GxUMVZTwaz4pRpBt0S45ghb836uUej4YaI8EzsnUJoqzOIKrTW4CDJMfVw=="
      },
      "Microsoft.Extensions.Logging": {
        "type": "Transitive",
        "resolved": "10.0.0-rc.2.25502.107",
        "contentHash": "q2C5gq86qkTmcYSJJSnw8sgTUyuqENYSOjk/NOYjHnYlKSrK3oI9Rjv1bWFpx2I3Btq9ZBEJb9aMM+IUQ0PvZA==",
        "dependencies": {
          "Microsoft.Extensions.DependencyInjection": "10.0.0-rc.2.25502.107",
          "Microsoft.Extensions.Logging.Abstractions": "10.0.0-rc.2.25502.107",
          "Microsoft.Extensions.Options": "10.0.0-rc.2.25502.107"
        }
      },
      "Microsoft.Extensions.Logging.Abstractions": {
        "type": "Transitive",
        "resolved": "10.0.0-rc.2.25502.107",
        "contentHash": "SKKKZjyCpBaDQ7yuFjdk6ELnRBRWeZsbnzUfo59Wc4PGhgf92chE3we/QlT6nk6NqlWcUgH/jogM+B/uq/Qdnw==",
        "dependencies": {
          "Microsoft.Extensions.DependencyInjection.Abstractions": "10.0.0-rc.2.25502.107"
        }
      },
      "Microsoft.Extensions.Options": {
        "type": "Transitive",
        "resolved": "10.0.0-rc.2.25502.107",
        "contentHash": "Ib6BCCjisp7ZUdhtNpSulFO0ODhz/IE4ZZd8OCqQWoRs363BQ0QOZi9KwpqpiEWo51S0kIXWqNicDPGXwpt9pQ==",
        "dependencies": {
          "Microsoft.Extensions.DependencyInjection.Abstractions": "10.0.0-rc.2.25502.107",
          "Microsoft.Extensions.Primitives": "10.0.0-rc.2.25502.107"
        }
      },
      "Microsoft.Extensions.Options.ConfigurationExtensions": {
        "type": "Transitive",
        "resolved": "10.0.0-rc.2.25502.107",
        "contentHash": "MFbT8+JKX49YCXEFvlZDzQzI/R3QKzRZlb4dSud+569cMgA9hWbndjWWvOgGASoRcXynGRrBSq1Bw3PeCsB5/Q==",
        "dependencies": {
          "Microsoft.Extensions.Configuration.Abstractions": "10.0.0-rc.2.25502.107",
          "Microsoft.Extensions.Configuration.Binder": "10.0.0-rc.2.25502.107",
          "Microsoft.Extensions.DependencyInjection.Abstractions": "10.0.0-rc.2.25502.107",
          "Microsoft.Extensions.Options": "10.0.0-rc.2.25502.107",
          "Microsoft.Extensions.Primitives": "10.0.0-rc.2.25502.107"
        }
      },
      "Microsoft.Extensions.Primitives": {
        "type": "Transitive",
        "resolved": "10.0.0-rc.2.25502.107",
        "contentHash": "9pm2zqqn5u/OsKs2zgkhJEQQeMx9KkVOWPdHrs7Kt5sfpk+eIh/gmpi/mMH/ljS2T/PFsFdCEtm+GS/6l7zoZA=="
      },
      "Microsoft.Extensions.Validation": {
        "type": "Transitive",
        "resolved": "10.0.0-rc.2.25502.107",
        "contentHash": "7mNm/l49t1dlcn4hr3smXouqRFI51PYzKTySnVvgBzFyg1QpgdfQaesqMocx7I//Ig8pmFgJHUN4QIUldb5FoA==",
        "dependencies": {
          "Microsoft.Extensions.DependencyInjection.Abstractions": "10.0.0-rc.2.25502.107",
          "Microsoft.Extensions.Options": "10.0.0-rc.2.25502.107"
        }
      },
      "Microsoft.JSInterop": {
        "type": "Transitive",
        "resolved": "10.0.0-rc.2.25502.107",
        "contentHash": "Qlc2gb0Piyiv5hEt+DGspLKVvL5z06/1aCPhx/3rHo3lWAp9H0Sbkm+8TFqRtuhFHPEy9Wgc+YdLwAkMjJgJxQ=="
      },
      "Microsoft.JSInterop.WebAssembly": {
        "type": "Transitive",
        "resolved": "10.0.0-rc.2.25502.107",
        "contentHash": "lj+Ae8RarC3O5G9nw0xgDgob0U5XqlWQAUieXmJOu3O2KFTzcoen3a5aeQis/ZWeyevgqR2eN8mvLzx7tm2J0g==",
        "dependencies": {
          "Microsoft.JSInterop": "10.0.0-rc.2.25502.107"
        }
      }
    },
    "net10.0/browser-wasm": {}
  }
}